
Microsoft Visual Studio Solution File, Format Version 12.00
# Visual Studio Version 17
VisualStudioVersion = 17.4.33213.308
MinimumVisualStudioVersion = 10.0.40219.1
Project("{FAE04EC0-301F-11D3-BF4B-00C04F79EFBC}") = "UWeekBoxGame", "UWeekBoxGame\UWeekBoxGame.csproj", "{3D8F002D-3E25-4753-8B9A-ADEF964A10F3}"
EndProject
Global
	GlobalSection(SolutionConfigurationPlatforms) = preSolution
		Debug|Any CPU = Debug|Any CPU
		Release|Any CPU = Release|Any CPU
	EndGlobalSection
	GlobalSection(ProjectConfigurationPlatforms) = postSolution
		{3D8F002D-3E25-4753-8B9A-ADEF964A10F3}.Debug|Any CPU.ActiveCfg = Debug|Any CPU
		{3D8F002D-3E25-4753-8B9A-ADEF964A10F3}.Debug|Any CPU.Build.0 = Debug|Any CPU
		{3D8F002D-3E25-4753-8B9A-ADEF964A10F3}.Release|Any CPU.ActiveCfg = Release|Any CPU
		{3D8F002D-3E25-4753-8B9A-ADEF964A10F3}.Release|Any CPU.Build.0 = Release|Any CPU
	EndGlobalSection
	GlobalSection(SolutionProperties) = preSolution
		HideSolutionNode = FALSE
	EndGlobalSection
	GlobalSection(ExtensibilityGlobals) = postSolution
		SolutionGuid = {1710F128-D4FB-4AD7-B146-98D73E2151A2}
	EndGlobalSection
EndGlobal
